// !$*UTF8*$!
{
	archiveVersion = 1;
	classes = {
	};
	objectVersion = 46;
	objects = {

/* Begin PBXBuildFile section */
		C02E721C29300C88BAACB12A /* Pods.framework in Frameworks */ = {isa = PBXBuildFile; fileRef = 8AC727557E2E10FEE58B1635 /* Pods.framework */; settings = {ATTRIBUTES = (Weak, ); }; };
		C2820CE71B9538E100F889A4 /* AppDelegate.swift in Sources */ = {isa = PBXBuildFile; fileRef = C2820CE61B9538E100F889A4 /* AppDelegate.swift */; };
		C2820CE91B9538E100F889A4 /* ViewController.swift in Sources */ = {isa = PBXBuildFile; fileRef = C2820CE81B9538E100F889A4 /* ViewController.swift */; };
		C2820CEC1B9538E100F889A4 /* Main.storyboard in Resources */ = {isa = PBXBuildFile; fileRef = C2820CEA1B9538E100F889A4 /* Main.storyboard */; };
		C2820CEE1B9538E100F889A4 /* Images.xcassets in Resources */ = {isa = PBXBuildFile; fileRef = C2820CED1B9538E100F889A4 /* Images.xcassets */; };
		C2820CF11B9538E100F889A4 /* LaunchScreen.xib in Resources */ = {isa = PBXBuildFile; fileRef = C2820CEF1B9538E100F889A4 /* LaunchScreen.xib */; };
		C2820CFD1B9538E100F889A4 /* lyftestimatorTests.swift in Sources */ = {isa = PBXBuildFile; fileRef = C2820CFC1B9538E100F889A4 /* lyftestimatorTests.swift */; };
		C2820D071B9539B300F889A4 /* ApiKeys.plist in Resources */ = {isa = PBXBuildFile; fileRef = C2820D061B9539B300F889A4 /* ApiKeys.plist */; };
		C2820D091B953A0F00F889A4 /* ApiKeys.swift in Sources */ = {isa = PBXBuildFile; fileRef = C2820D081B953A0F00F889A4 /* ApiKeys.swift */; };
		C2CFA75D1B9545FE0096BDB8 /* LyftService.swift in Sources */ = {isa = PBXBuildFile; fileRef = C2CFA75C1B9545FE0096BDB8 /* LyftService.swift */; };
		C2CFA75F1B95496D0096BDB8 /* Alamofire.framework in Frameworks */ = {isa = PBXBuildFile; fileRef = C2CFA75E1B95496D0096BDB8 /* Alamofire.framework */; };
		C2CFA7611B96A34D0096BDB8 /* CoreLocationController.swift in Sources */ = {isa = PBXBuildFile; fileRef = C2CFA7601B96A34D0096BDB8 /* CoreLocationController.swift */; };
		C2CFA7631B97B0AD0096BDB8 /* Waypoints.gpx in Resources */ = {isa = PBXBuildFile; fileRef = C2CFA7621B97B0AD0096BDB8 /* Waypoints.gpx */; };
		C2CFA7651B97CDB40096BDB8 /* PinLocation.swift in Sources */ = {isa = PBXBuildFile; fileRef = C2CFA7641B97CDB40096BDB8 /* PinLocation.swift */; };
/* End PBXBuildFile section */

/* Begin PBXContainerItemProxy section */
		C2820CF71B9538E100F889A4 /* PBXContainerItemProxy */ = {
			isa = PBXContainerItemProxy;
			containerPortal = C2820CD91B9538E100F889A4 /* Project object */;
			proxyType = 1;
			remoteGlobalIDString = C2820CE01B9538E100F889A4;
			remoteInfo = lyftestimator;
		};
/* End PBXContainerItemProxy section */

/* Begin PBXFileReference section */
		6E55F4F5D92E0388B4F5FAB7 /* Pods.debug.xcconfig */ = {isa = PBXFileReference; includeInIndex = 1; lastKnownFileType = text.xcconfig; name = Pods.debug.xcconfig; path = "Pods/Target Support Files/Pods/Pods.debug.xcconfig"; sourceTree = "<group>"; };
		8AC727557E2E10FEE58B1635 /* Pods.framework */ = {isa = PBXFileReference; explicitFileType = wrapper.framework; includeInIndex = 0; path = Pods.framework; sourceTree = BUILT_PRODUCTS_DIR; };
		8EFDF866CE18CD069EDCDC83 /* Pods.release.xcconfig */ = {isa = PBXFileReference; includeInIndex = 1; lastKnownFileType = text.xcconfig; name = Pods.release.xcconfig; path = "Pods/Target Support Files/Pods/Pods.release.xcconfig"; sourceTree = "<group>"; };
		C2820CE11B9538E100F889A4 /* lyftestimator.app */ = {isa = PBXFileReference; explicitFileType = wrapper.application; includeInIndex = 0; path = lyftestimator.app; sourceTree = BUILT_PRODUCTS_DIR; };
		C2820CE51B9538E100F889A4 /* Info.plist */ = {isa = PBXFileReference; lastKnownFileType = text.plist.xml; path = Info.plist; sourceTree = "<group>"; };
		C2820CE61B9538E100F889A4 /* AppDelegate.swift */ = {isa = PBXFileReference; lastKnownFileType = sourcecode.swift; path = AppDelegate.swift; sourceTree = "<group>"; };
		C2820CE81B9538E100F889A4 /* ViewController.swift */ = {isa = PBXFileReference; lastKnownFileType = sourcecode.swift; path = ViewController.swift; sourceTree = "<group>"; };
		C2820CEB1B9538E100F889A4 /* Base */ = {isa = PBXFileReference; lastKnownFileType = file.storyboard; name = Base; path = Base.lproj/Main.storyboard; sourceTree = "<group>"; };
		C2820CED1B9538E100F889A4 /* Images.xcassets */ = {isa = PBXFileReference; lastKnownFileType = folder.assetcatalog; path = Images.xcassets; sourceTree = "<group>"; };
		C2820CF01B9538E100F889A4 /* Base */ = {isa = PBXFileReference; lastKnownFileType = file.xib; name = Base; path = Base.lproj/LaunchScreen.xib; sourceTree = "<group>"; };
		C2820CF61B9538E100F889A4 /* lyftestimatorTests.xctest */ = {isa = PBXFileReference; explicitFileType = wrapper.cfbundle; includeInIndex = 0; path = lyftestimatorTests.xctest; sourceTree = BUILT_PRODUCTS_DIR; };
		C2820CFB1B9538E100F889A4 /* Info.plist */ = {isa = PBXFileReference; lastKnownFileType = text.plist.xml; path = Info.plist; sourceTree = "<group>"; };
		C2820CFC1B9538E100F889A4 /* lyftestimatorTests.swift */ = {isa = PBXFileReference; lastKnownFileType = sourcecode.swift; path = lyftestimatorTests.swift; sourceTree = "<group>"; };
		C2820D061B9539B300F889A4 /* ApiKeys.plist */ = {isa = PBXFileReference; fileEncoding = 4; lastKnownFileType = text.plist.xml; path = ApiKeys.plist; sourceTree = "<group>"; };
		C2820D081B953A0F00F889A4 /* ApiKeys.swift */ = {isa = PBXFileReference; fileEncoding = 4; lastKnownFileType = sourcecode.swift; path = ApiKeys.swift; sourceTree = "<group>"; };
		C2CFA75C1B9545FE0096BDB8 /* LyftService.swift */ = {isa = PBXFileReference; fileEncoding = 4; lastKnownFileType = sourcecode.swift; path = LyftService.swift; sourceTree = "<group>"; };
		C2CFA75E1B95496D0096BDB8 /* Alamofire.framework */ = {isa = PBXFileReference; lastKnownFileType = wrapper.framework; name = Alamofire.framework; path = Carthage/Build/iOS/Alamofire.framework; sourceTree = "<group>"; };
		C2CFA7601B96A34D0096BDB8 /* CoreLocationController.swift */ = {isa = PBXFileReference; fileEncoding = 4; lastKnownFileType = sourcecode.swift; path = CoreLocationController.swift; sourceTree = "<group>"; };
		C2CFA7621B97B0AD0096BDB8 /* Waypoints.gpx */ = {isa = PBXFileReference; fileEncoding = 4; lastKnownFileType = text.xml; path = Waypoints.gpx; sourceTree = "<group>"; };
		C2CFA7641B97CDB40096BDB8 /* PinLocation.swift */ = {isa = PBXFileReference; fileEncoding = 4; lastKnownFileType = sourcecode.swift; path = PinLocation.swift; sourceTree = "<group>"; };
/* End PBXFileReference section */

/* Begin PBXFrameworksBuildPhase section */
		C2820CDE1B9538E100F889A4 /* Frameworks */ = {
			isa = PBXFrameworksBuildPhase;
			buildActionMask = 2147483647;
			files = (
				C02E721C29300C88BAACB12A /* Pods.framework in Frameworks */,
				C2CFA75F1B95496D0096BDB8 /* Alamofire.framework in Frameworks */,
			);
			runOnlyForDeploymentPostprocessing = 0;
		};
		C2820CF31B9538E100F889A4 /* Frameworks */ = {
			isa = PBXFrameworksBuildPhase;
			buildActionMask = 2147483647;
			files = (
			);
			runOnlyForDeploymentPostprocessing = 0;
		};
/* End PBXFrameworksBuildPhase section */

/* Begin PBXGroup section */
		A8B8EFEC02BFEB4628D3C421 /* Frameworks */ = {
			isa = PBXGroup;
			children = (
				C2CFA75E1B95496D0096BDB8 /* Alamofire.framework */,
				8AC727557E2E10FEE58B1635 /* Pods.framework */,
			);
			name = Frameworks;
			sourceTree = "<group>";
		};
		C2820CD81B9538E100F889A4 = {
			isa = PBXGroup;
			children = (
				C2820CE31B9538E100F889A4 /* lyftestimator */,
				C2820CF91B9538E100F889A4 /* lyftestimatorTests */,
				C2820CE21B9538E100F889A4 /* Products */,
				C9CB6F216FB84A8055B62E76 /* Pods */,
				A8B8EFEC02BFEB4628D3C421 /* Frameworks */,
			);
			sourceTree = "<group>";
		};
		C2820CE21B9538E100F889A4 /* Products */ = {
			isa = PBXGroup;
			children = (
				C2820CE11B9538E100F889A4 /* lyftestimator.app */,
				C2820CF61B9538E100F889A4 /* lyftestimatorTests.xctest */,
			);
			name = Products;
			sourceTree = "<group>";
		};
		C2820CE31B9538E100F889A4 /* lyftestimator */ = {
			isa = PBXGroup;
			children = (
				C2CFA75C1B9545FE0096BDB8 /* LyftService.swift */,
				C2820CE61B9538E100F889A4 /* AppDelegate.swift */,
				C2820CE81B9538E100F889A4 /* ViewController.swift */,
				C2820CEA1B9538E100F889A4 /* Main.storyboard */,
				C2820CED1B9538E100F889A4 /* Images.xcassets */,
				C2820CEF1B9538E100F889A4 /* LaunchScreen.xib */,
				C2820CE41B9538E100F889A4 /* Supporting Files */,
				C2820D061B9539B300F889A4 /* ApiKeys.plist */,
				C2820D081B953A0F00F889A4 /* ApiKeys.swift */,
				C2CFA7601B96A34D0096BDB8 /* CoreLocationController.swift */,
				C2CFA7621B97B0AD0096BDB8 /* Waypoints.gpx */,
				C2CFA7641B97CDB40096BDB8 /* PinLocation.swift */,
			);
			path = lyftestimator;
			sourceTree = "<group>";
		};
		C2820CE41B9538E100F889A4 /* Supporting Files */ = {
			isa = PBXGroup;
			children = (
				C2820CE51B9538E100F889A4 /* Info.plist */,
			);
			name = "Supporting Files";
			sourceTree = "<group>";
		};
		C2820CF91B9538E100F889A4 /* lyftestimatorTests */ = {
			isa = PBXGroup;
			children = (
				C2820CFC1B9538E100F889A4 /* lyftestimatorTests.swift */,
				C2820CFA1B9538E100F889A4 /* Supporting Files */,
			);
			path = lyftestimatorTests;
			sourceTree = "<group>";
		};
		C2820CFA1B9538E100F889A4 /* Supporting Files */ = {
			isa = PBXGroup;
			children = (
				C2820CFB1B9538E100F889A4 /* Info.plist */,
			);
			name = "Supporting Files";
			sourceTree = "<group>";
		};
		C9CB6F216FB84A8055B62E76 /* Pods */ = {
			isa = PBXGroup;
			children = (
				6E55F4F5D92E0388B4F5FAB7 /* Pods.debug.xcconfig */,
				8EFDF866CE18CD069EDCDC83 /* Pods.release.xcconfig */,
			);
			name = Pods;
			sourceTree = "<group>";
		};
/* End PBXGroup section */

/* Begin PBXNativeTarget section */
		C2820CE01B9538E100F889A4 /* lyftestimator */ = {
			isa = PBXNativeTarget;
			buildConfigurationList = C2820D001B9538E100F889A4 /* Build configuration list for PBXNativeTarget "lyftestimator" */;
			buildPhases = (
				DB2EC67DE20FF3648312ABC2 /* Check Pods Manifest.lock */,
				C2820CDD1B9538E100F889A4 /* Sources */,
				C2820CDE1B9538E100F889A4 /* Frameworks */,
				C2820CDF1B9538E100F889A4 /* Resources */,
				5A40E09573FEF4873790614D /* Embed Pods Frameworks */,
				F0A19214D9809DE667A8CE10 /* Copy Pods Resources */,
			);
			buildRules = (
			);
			dependencies = (
			);
			name = lyftestimator;
			productName = lyftestimator;
			productReference = C2820CE11B9538E100F889A4 /* lyftestimator.app */;
			productType = "com.apple.product-type.application";
		};
		C2820CF51B9538E100F889A4 /* lyftestimatorTests */ = {
			isa = PBXNativeTarget;
			buildConfigurationList = C2820D031B9538E100F889A4 /* Build configuration list for PBXNativeTarget "lyftestimatorTests" */;
			buildPhases = (
				C2820CF21B9538E100F889A4 /* Sources */,
				C2820CF31B9538E100F889A4 /* Frameworks */,
				C2820CF41B9538E100F889A4 /* Resources */,
			);
			buildRules = (
			);
			dependencies = (
				C2820CF81B9538E100F889A4 /* PBXTargetDependency */,
			);
			name = lyftestimatorTests;
			productName = lyftestimatorTests;
			productReference = C2820CF61B9538E100F889A4 /* lyftestimatorTests.xctest */;
			productType = "com.apple.product-type.bundle.unit-test";
		};
/* End PBXNativeTarget section */

/* Begin PBXProject section */
		C2820CD91B9538E100F889A4 /* Project object */ = {
			isa = PBXProject;
			attributes = {
				LastUpgradeCheck = 0640;
				ORGANIZATIONNAME = chugs;
				TargetAttributes = {
					C2820CE01B9538E100F889A4 = {
						CreatedOnToolsVersion = 6.4;
						DevelopmentTeam = U39LU5Z26R;
					};
					C2820CF51B9538E100F889A4 = {
						CreatedOnToolsVersion = 6.4;
						TestTargetID = C2820CE01B9538E100F889A4;
					};
				};
			};
			buildConfigurationList = C2820CDC1B9538E100F889A4 /* Build configuration list for PBXProject "lyftestimator" */;
			compatibilityVersion = "Xcode 3.2";
			developmentRegion = English;
			hasScannedForEncodings = 0;
			knownRegions = (
				en,
				Base,
			);
			mainGroup = C2820CD81B9538E100F889A4;
			productRefGroup = C2820CE21B9538E100F889A4 /* Products */;
			projectDirPath = "";
			projectRoot = "";
			targets = (
				C2820CE01B9538E100F889A4 /* lyftestimator */,
				C2820CF51B9538E100F889A4 /* lyftestimatorTests */,
			);
		};
/* End PBXProject section */

/* Begin PBXResourcesBuildPhase section */
		C2820CDF1B9538E100F889A4 /* Resources */ = {
			isa = PBXResourcesBuildPhase;
			buildActionMask = 2147483647;
			files = (
				C2820CEC1B9538E100F889A4 /* Main.storyboard in Resources */,
				C2820D071B9539B300F889A4 /* ApiKeys.plist in Resources */,
				C2820CF11B9538E100F889A4 /* LaunchScreen.xib in Resources */,
				C2820CEE1B9538E100F889A4 /* Images.xcassets in Resources */,
				C2CFA7631B97B0AD0096BDB8 /* Waypoints.gpx in Resources */,
			);
			runOnlyForDeploymentPostprocessing = 0;
		};
		C2820CF41B9538E100F889A4 /* Resources */ = {
			isa = PBXResourcesBuildPhase;
			buildActionMask = 2147483647;
			files = (
			);
			runOnlyForDeploymentPostprocessing = 0;
		};
/* End PBXResourcesBuildPhase section */

/* Begin PBXShellScriptBuildPhase section */
		5A40E09573FEF4873790614D /* Embed Pods Frameworks */ = {
			isa = PBXShellScriptBuildPhase;
			buildActionMask = 2147483647;
			files = (
			);
			inputPaths = (
			);
			name = "Embed Pods Frameworks";
			outputPaths = (
			);
			runOnlyForDeploymentPostprocessing = 0;
			shellPath = /bin/sh;
			shellScript = "\"${SRCROOT}/Pods/Target Support Files/Pods/Pods-frameworks.sh\"\n";
			showEnvVarsInLog = 0;
		};
		DB2EC67DE20FF3648312ABC2 /* Check Pods Manifest.lock */ = {
			isa = PBXShellScriptBuildPhase;
			buildActionMask = 2147483647;
			files = (
			);
			inputPaths = (
			);
			name = "Check Pods Manifest.lock";
			outputPaths = (
			);
			runOnlyForDeploymentPostprocessing = 0;
			shellPath = /bin/sh;
			shellScript = "diff \"${PODS_ROOT}/../Podfile.lock\" \"${PODS_ROOT}/Manifest.lock\" > /dev/null\nif [[ $? != 0 ]] ; then\n    cat << EOM\nerror: The sandbox is not in sync with the Podfile.lock. Run 'pod install' or update your CocoaPods installation.\nEOM\n    exit 1\nfi\n";
			showEnvVarsInLog = 0;
		};
		F0A19214D9809DE667A8CE10 /* Copy Pods Resources */ = {
			isa = PBXShellScriptBuildPhase;
			buildActionMask = 2147483647;
			files = (
			);
			inputPaths = (
			);
			name = "Copy Pods Resources";
			outputPaths = (
			);
			runOnlyForDeploymentPostprocessing = 0;
			shellPath = /bin/sh;
			shellScript = "\"${SRCROOT}/Pods/Target Support Files/Pods/Pods-resources.sh\"\n";
			showEnvVarsInLog = 0;
		};
/* End PBXShellScriptBuildPhase section */

/* Begin PBXSourcesBuildPhase section */
		C2820CDD1B9538E100F889A4 /* Sources */ = {
			isa = PBXSourcesBuildPhase;
			buildActionMask = 2147483647;
			files = (
				C2CFA7651B97CDB40096BDB8 /* PinLocation.swift in Sources */,
				C2CFA7611B96A34D0096BDB8 /* CoreLocationController.swift in Sources */,
				C2CFA75D1B9545FE0096BDB8 /* LyftService.swift in Sources */,
				C2820CE91B9538E100F889A4 /* ViewController.swift in Sources */,
				C2820CE71B9538E100F889A4 /* AppDelegate.swift in Sources */,
				C2820D091B953A0F00F889A4 /* ApiKeys.swift in Sources */,
			);
			runOnlyForDeploymentPostprocessing = 0;
		};
		C2820CF21B9538E100F889A4 /* Sources */ = {
			isa = PBXSourcesBuildPhase;
			buildActionMask = 2147483647;
			files = (
				C2820CFD1B9538E100F889A4 /* lyftestimatorTests.swift in Sources */,
			);
			runOnlyForDeploymentPostprocessing = 0;
		};
/* End PBXSourcesBuildPhase section */

/* Begin PBXTargetDependency section */
		C2820CF81B9538E100F889A4 /* PBXTargetDependency */ = {
			isa = PBXTargetDependency;
			target = C2820CE01B9538E100F889A4 /* lyftestimator */;
			targetProxy = C2820CF71B9538E100F889A4 /* PBXContainerItemProxy */;
		};
/* End PBXTargetDependency section */

/* Begin PBXVariantGroup section */
		C2820CEA1B9538E100F889A4 /* Main.storyboard */ = {
			isa = PBXVariantGroup;
			children = (
				C2820CEB1B9538E100F889A4 /* Base */,
			);
			name = Main.storyboard;
			sourceTree = "<group>";
		};
		C2820CEF1B9538E100F889A4 /* LaunchScreen.xib */ = {
			isa = PBXVariantGroup;
			children = (
				C2820CF01B9538E100F889A4 /* Base */,
			);
			name = LaunchScreen.xib;
			sourceTree = "<group>";
		};
/* End PBXVariantGroup section */

/* Begin XCBuildConfiguration section */
		C2820CFE1B9538E100F889A4 /* Debug */ = {
			isa = XCBuildConfiguration;
			buildSettings = {
				ALWAYS_SEARCH_USER_PATHS = NO;
				CLANG_CXX_LANGUAGE_STANDARD = "gnu++0x";
				CLANG_CXX_LIBRARY = "libc++";
				CLANG_ENABLE_MODULES = YES;
				CLANG_ENABLE_OBJC_ARC = YES;
				CLANG_WARN_BOOL_CONVERSION = YES;
				CLANG_WARN_CONSTANT_CONVERSION = YES;
				CLANG_WARN_DIRECT_OBJC_ISA_USAGE = YES_ERROR;
				CLANG_WARN_EMPTY_BODY = YES;
				CLANG_WARN_ENUM_CONVERSION = YES;
				CLANG_WARN_INT_CONVERSION = YES;
				CLANG_WARN_OBJC_ROOT_CLASS = YES_ERROR;
				CLANG_WARN_UNREACHABLE_CODE = YES;
				CLANG_WARN__DUPLICATE_METHOD_MATCH = YES;
				"CODE_SIGN_IDENTITY[sdk=iphoneos*]" = "iPhone Developer";
				COPY_PHASE_STRIP = NO;
				DEBUG_INFORMATION_FORMAT = "dwarf-with-dsym";
				ENABLE_STRICT_OBJC_MSGSEND = YES;
				GCC_C_LANGUAGE_STANDARD = gnu99;
				GCC_DYNAMIC_NO_PIC = NO;
				GCC_NO_COMMON_BLOCKS = YES;
				GCC_OPTIMIZATION_LEVEL = 0;
				GCC_PREPROCESSOR_DEFINITIONS = (
					"DEBUG=1",
					"$(inherited)",
				);
				GCC_SYMBOLS_PRIVATE_EXTERN = NO;
				GCC_WARN_64_TO_32_BIT_CONVERSION = YES;
				GCC_WARN_ABOUT_RETURN_TYPE = YES_ERROR;
				GCC_WARN_UNDECLARED_SELECTOR = YES;
				GCC_WARN_UNINITIALIZED_AUTOS = YES_AGGRESSIVE;
				GCC_WARN_UNUSED_FUNCTION = YES;
				GCC_WARN_UNUSED_VARIABLE = YES;
				IPHONEOS_DEPLOYMENT_TARGET = 8.4;
				MTL_ENABLE_DEBUG_INFO = YES;
				ONLY_ACTIVE_ARCH = YES;
				SDKROOT = iphoneos;
				SWIFT_OPTIMIZATION_LEVEL = "-Onone";
			};
			name = Debug;
		};
		C2820CFF1B9538E100F889A4 /* Release */ = {
			isa = XCBuildConfiguration;
			buildSettings = {
				ALWAYS_SEARCH_USER_PATHS = NO;
				CLANG_CXX_LANGUAGE_STANDARD = "gnu++0x";
				CLANG_CXX_LIBRARY = "libc++";
				CLANG_ENABLE_MODULES = YES;
				CLANG_ENABLE_OBJC_ARC = YES;
				CLANG_WARN_BOOL_CONVERSION = YES;
				CLANG_WARN_CONSTANT_CONVERSION = YES;
				CLANG_WARN_DIRECT_OBJC_ISA_USAGE = YES_ERROR;
				CLANG_WARN_EMPTY_BODY = YES;
				CLANG_WARN_ENUM_CONVERSION = YES;
				CLANG_WARN_INT_CONVERSION = YES;
				CLANG_WARN_OBJC_ROOT_CLASS = YES_ERROR;
				CLANG_WARN_UNREACHABLE_CODE = YES;
				CLANG_WARN__DUPLICATE_METHOD_MATCH = YES;
				"CODE_SIGN_IDENTITY[sdk=iphoneos*]" = "iPhone Developer";
				COPY_PHASE_STRIP = NO;
				DEBUG_INFORMATION_FORMAT = "dwarf-with-dsym";
				ENABLE_NS_ASSERTIONS = NO;
				ENABLE_STRICT_OBJC_MSGSEND = YES;
				GCC_C_LANGUAGE_STANDARD = gnu99;
				GCC_NO_COMMON_BLOCKS = YES;
				GCC_WARN_64_TO_32_BIT_CONVERSION = YES;
				GCC_WARN_ABOUT_RETURN_TYPE = YES_ERROR;
				GCC_WARN_UNDECLARED_SELECTOR = YES;
				GCC_WARN_UNINITIALIZED_AUTOS = YES_AGGRESSIVE;
				GCC_WARN_UNUSED_FUNCTION = YES;
				GCC_WARN_UNUSED_VARIABLE = YES;
				IPHONEOS_DEPLOYMENT_TARGET = 8.4;
				MTL_ENABLE_DEBUG_INFO = NO;
				SDKROOT = iphoneos;
				VALIDATE_PRODUCT = YES;
			};
			name = Release;
		};
		C2820D011B9538E100F889A4 /* Debug */ = {
			isa = XCBuildConfiguration;
			baseConfigurationReference = 6E55F4F5D92E0388B4F5FAB7 /* Pods.debug.xcconfig */;
			buildSettings = {
				ASSETCATALOG_COMPILER_APPICON_NAME = AppIcon;
				CODE_SIGN_IDENTITY = "iPhone Developer";
				"CODE_SIGN_IDENTITY[sdk=iphoneos*]" = "iPhone Developer";
				FRAMEWORK_SEARCH_PATHS = (
					"$(inherited)",
					"$(PROJECT_DIR)/Carthage/Build/iOS",
				);
				INFOPLIST_FILE = lyftestimator/Info.plist;
				LD_RUNPATH_SEARCH_PATHS = "$(inherited) @executable_path/Frameworks";
				PRODUCT_NAME = "$(TARGET_NAME)";
				PROVISIONING_PROFILE = "";
			};
			name = Debug;
		};
		C2820D021B9538E100F889A4 /* Release */ = {
			isa = XCBuildConfiguration;
			baseConfigurationReference = 8EFDF866CE18CD069EDCDC83 /* Pods.release.xcconfig */;
			buildSettings = {
				ASSETCATALOG_COMPILER_APPICON_NAME = AppIcon;
				CODE_SIGN_IDENTITY = "iPhone Developer";
				"CODE_SIGN_IDENTITY[sdk=iphoneos*]" = "iPhone Developer";
				FRAMEWORK_SEARCH_PATHS = (
					"$(inherited)",
					"$(PROJECT_DIR)/Carthage/Build/iOS",
				);
				INFOPLIST_FILE = lyftestimator/Info.plist;
				LD_RUNPATH_SEARCH_PATHS = "$(inherited) @executable_path/Frameworks";
				PRODUCT_NAME = "$(TARGET_NAME)";
				PROVISIONING_PROFILE = "";
			};
			name = Release;
		};
		C2820D041B9538E100F889A4 /* Debug */ = {
			isa = XCBuildConfiguration;
			buildSettings = {
				BUNDLE_LOADER = "$(TEST_HOST)";
				FRAMEWORK_SEARCH_PATHS = (
					"$(SDKROOT)/Developer/Library/Frameworks",
					"$(inherited)",
				);
				GCC_PREPROCESSOR_DEFINITIONS = (
					"DEBUG=1",
					"$(inherited)",
				);
				INFOPLIST_FILE = lyftestimatorTests/Info.plist;
				LD_RUNPATH_SEARCH_PATHS = "$(inherited) @executable_path/Frameworks @loader_path/Frameworks";
				PRODUCT_NAME = "$(TARGET_NAME)";
				TEST_HOST = "$(BUILT_PRODUCTS_DIR)/lyftestimator.app/lyftestimator";
			};
			name = Debug;
		};
		C2820D051B9538E100F889A4 /* Release */ = {
			isa = XCBuildConfiguration;
			buildSettings = {
				BUNDLE_LOADER = "$(TEST_HOST)";
				FRAMEWORK_SEARCH_PATHS = (
					"$(SDKROOT)/Developer/Library/Frameworks",
					"$(inherited)",
				);
				INFOPLIST_FILE = lyftestimatorTests/Info.plist;
				LD_RUNPATH_SEARCH_PATHS = "$(inherited) @executable_path/Frameworks @loader_path/Frameworks";
				PRODUCT_NAME = "$(TARGET_NAME)";
				TEST_HOST = "$(BUILT_PRODUCTS_DIR)/lyftestimator.app/lyftestimator";
			};
			name = Release;
		};
/* End XCBuildConfiguration section */

/* Begin XCConfigurationList section */
		C2820CDC1B9538E100F889A4 /* Build configuration list for PBXProject "lyftestimator" */ = {
			isa = XCConfigurationList;
			buildConfigurations = (
				C2820CFE1B9538E100F889A4 /* Debug */,
				C2820CFF1B9538E100F889A4 /* Release */,
			);
			defaultConfigurationIsVisible = 0;
			defaultConfigurationName = Release;
		};
		C2820D001B9538E100F889A4 /* Build configuration list for PBXNativeTarget "lyftestimator" */ = {
			isa = XCConfigurationList;
			buildConfigurations = (
				C2820D011B9538E100F889A4 /* Debug */,
				C2820D021B9538E100F889A4 /* Release */,
			);
			defaultConfigurationIsVisible = 0;
			defaultConfigurationName = Release;
		};
		C2820D031B9538E100F889A4 /* Build configuration list for PBXNativeTarget "lyftestimatorTests" */ = {
			isa = XCConfigurationList;
			buildConfigurations = (
				C2820D041B9538E100F889A4 /* Debug */,
				C2820D051B9538E100F889A4 /* Release */,
			);
			defaultConfigurationIsVisible = 0;
			defaultConfigurationName = Release;
		};
/* End XCConfigurationList section */
	};
	rootObject = C2820CD91B9538E100F889A4 /* Project object */;
}
